<?xml version="1.0" encoding="utf-8"?>
<Project ToolsVersion="4.0" xmlns="http://schemas.microsoft.com/developer/msbuild/2003">
  <ItemGroup>
    <Filter Include="Resources">
      <UniqueIdentifier>{67DA6AB6-F800-4c08-8B7A-83BB121AAD01}</UniqueIdentifier>
      <Extensions>rc;ico;cur;bmp;dlg;rc2;rct;bin;rgs;gif;jpg;jpeg;jpe;resx;tiff;tif;png;wav;mfcribbon-ms</Extensions>
    </Filter>
    <Filter Include="Source">
      <UniqueIdentifier>{4FC737F1-C7A5-4376-A066-2A32D752A2FF}</UniqueIdentifier>
      <Extensions>cpp;c;cc;cxx;c++;cppm;ixx;def;odl;idl;hpj;bat;asm;asmx</Extensions>
    </Filter>
    <Filter Include="Resources\Shaders">
      <UniqueIdentifier>{37bf6851-8697-4c6e-af11-12db055e5307}</UniqueIdentifier>
    </Filter>
    <Filter Include="Resources\Materials">
      <UniqueIdentifier>{88f1ae47-432a-44a2-9991-2bbbf433a7da}</UniqueIdentifier>
    </Filter>
    <Filter Include="Resources\Scenes">
      <UniqueIdentifier>{83b67462-d0b6-4816-b60e-44c71f988b61}</UniqueIdentifier>
    </Filter>
  </ItemGroup>
  <ItemGroup>
    <ClCompile Include="Main.cpp">
      <Filter>Source</Filter>
    </ClCompile>
    <ClCompile Include="..\lib\glad\src\glad.c">
      <Filter>Source</Filter>
    </ClCompile>
  </ItemGroup>
  <ItemGroup>
    <None Include="..\Build\Resources\Shaders\basic.frag">
      <Filter>Resources\Shaders</Filter>
    </None>
    <None Include="..\Build\Resources\Shaders\basic.vert">
      <Filter>Resources\Shaders</Filter>
    </None>
    <None Include="..\Build\Resources\Materials\wood.mtl">
      <Filter>Resources\Materials</Filter>
    </None>
    <None Include="..\Build\Resources\Materials\spot.mtl">
      <Filter>Resources\Materials</Filter>
    </None>
    <None Include="..\Build\Resources\Shaders\gouraud_light.frag">
      <Filter>Resources\Shaders</Filter>
    </None>
    <None Include="..\Build\Resources\Shaders\gouraud_light.shdr">
      <Filter>Resources\Shaders</Filter>
    </None>
    <None Include="..\Build\Resources\Shaders\gouraud_light.vert">
      <Filter>Resources\Shaders</Filter>
    </None>
    <None Include="..\Build\Resources\Shaders\flat_light.frag">
      <Filter>Resources\Shaders</Filter>
    </None>
    <None Include="..\Build\Resources\Shaders\flat_light.shdr">
      <Filter>Resources\Shaders</Filter>
    </None>
    <None Include="..\Build\Resources\Shaders\flat_light.vert">
      <Filter>Resources\Shaders</Filter>
    </None>
    <None Include="..\Build\Resources\Shaders\phong_light.frag">
      <Filter>Resources\Shaders</Filter>
    </None>
    <None Include="..\Build\Resources\Shaders\phong_light.shdr">
      <Filter>Resources\Shaders</Filter>
    </None>
    <None Include="..\Build\Resources\Shaders\phong_light.vert">
      <Filter>Resources\Shaders</Filter>
    </None>
    <None Include="..\Build\Resources\Scenes\main.scn">
      <Filter>Resources\Scenes</Filter>
    </None>
    <None Include="..\Build\Resources\Shaders\normal_light.frag">
      <Filter>Resources\Shaders</Filter>
    </None>
    <None Include="..\Build\Resources\Shaders\normal_light.shdr">
      <Filter>Resources\Shaders</Filter>
    </None>
    <None Include="..\Build\Resources\Shaders\normal_light.vert">
      <Filter>Resources\Shaders</Filter>
    </None>
    <None Include="..\Build\Resources\Materials\bricks.mtl">
      <Filter>Resources\Materials</Filter>
    </None>
    <None Include="..\Build\Resources\Materials\ogre.mtl">
      <Filter>Resources\Materials</Filter>
    </None>
    <None Include="..\Build\Resources\Shaders\effect.frag">
      <Filter>Resources\Shaders</Filter>
    </None>
    <None Include="..\Build\Resources\Shaders\effect.shdr">
      <Filter>Resources\Shaders</Filter>
    </None>
    <None Include="..\Build\Resources\Shaders\effect.vert">
      <Filter>Resources\Shaders</Filter>
    </None>
    <None Include="..\Build\Resources\Materials\ship.mtl">
      <Filter>Resources\Materials</Filter>
    </None>
  </ItemGroup>
</Project>